
Microsoft Visual Studio Solution File, Format Version 12.00
# Visual Studio Version 17
VisualStudioVersion = 17.3.32825.248
MinimumVisualStudioVersion = 10.0.40219.1
Project("{888888A0-9F3D-457C-B088-3A5042F75D52}") = "Task_1", "PythonApplication1\Task_1.pyproj", "{B43BCA65-996E-4ECF-92EF-F272C4A705D9}"
EndProject
Project("{888888A0-9F3D-457C-B088-3A5042F75D52}") = "Task_2", "Task_2\Task_2.pyproj", "{8F875A91-A989-494D-A820-52F54F8F6C39}"
EndProject
Project("{888888A0-9F3D-457C-B088-3A5042F75D52}") = "Task_3", "Task_3\Task_3.pyproj", "{44BCBBED-49AF-4D3D-BAE4-4E56BBDDB9C8}"
EndProject
Project("{888888A0-9F3D-457C-B088-3A5042F75D52}") = "Task_4", "Task_4\Task_4.pyproj", "{9F98BE4C-B26A-4DC3-9DDF-DE2AF48719FC}"
EndProject
Global
	GlobalSection(SolutionConfigurationPlatforms) = preSolution
		Debug|Any CPU = Debug|Any CPU
		Release|Any CPU = Release|Any CPU
	EndGlobalSection
	GlobalSection(ProjectConfigurationPlatforms) = postSolution
		{B43BCA65-996E-4ECF-92EF-F272C4A705D9}.Debug|Any CPU.ActiveCfg = Debug|Any CPU
		{B43BCA65-996E-4ECF-92EF-F272C4A705D9}.Release|Any CPU.ActiveCfg = Release|Any CPU
		{8F875A91-A989-494D-A820-52F54F8F6C39}.Debug|Any CPU.ActiveCfg = Debug|Any CPU
		{8F875A91-A989-494D-A820-52F54F8F6C39}.Release|Any CPU.ActiveCfg = Release|Any CPU
		{44BCBBED-49AF-4D3D-BAE4-4E56BBDDB9C8}.Debug|Any CPU.ActiveCfg = Debug|Any CPU
		{44BCBBED-49AF-4D3D-BAE4-4E56BBDDB9C8}.Release|Any CPU.ActiveCfg = Release|Any CPU
		{9F98BE4C-B26A-4DC3-9DDF-DE2AF48719FC}.Debug|Any CPU.ActiveCfg = Debug|Any CPU
		{9F98BE4C-B26A-4DC3-9DDF-DE2AF48719FC}.Release|Any CPU.ActiveCfg = Release|Any CPU
	EndGlobalSection
	GlobalSection(SolutionProperties) = preSolution
		HideSolutionNode = FALSE
	EndGlobalSection
	GlobalSection(ExtensibilityGlobals) = postSolution
		SolutionGuid = {B44F75E0-56C9-4600-BC20-AEFE823BED37}
	EndGlobalSection
EndGlobal
