
Microsoft Visual Studio Solution File, Format Version 12.00
# Visual Studio Version 17
VisualStudioVersion = 17.3.32825.248
MinimumVisualStudioVersion = 10.0.40219.1
Project("{888888A0-9F3D-457C-B088-3A5042F75D52}") = "Task_1", "Task_1\Task_1.pyproj", "{865DEEFE-D5F6-404E-967A-ECF7E3EF67D3}"
EndProject
Project("{888888A0-9F3D-457C-B088-3A5042F75D52}") = "Task_2", "Task_2\Task_2.pyproj", "{4D0B024E-CEB6-4BED-B89A-950B51F20E9A}"
EndProject
Project("{888888A0-9F3D-457C-B088-3A5042F75D52}") = "Task_3", "Task_3\Task_3.pyproj", "{C6247F24-F6BE-46DF-999C-379C2920BCAF}"
EndProject
Project("{888888A0-9F3D-457C-B088-3A5042F75D52}") = "Task_4", "Task_4\Task_4.pyproj", "{4EBFA8C4-76A4-44F8-8613-E073C7CDD6D9}"
EndProject
Global
	GlobalSection(SolutionConfigurationPlatforms) = preSolution
		Debug|Any CPU = Debug|Any CPU
		Release|Any CPU = Release|Any CPU
	EndGlobalSection
	GlobalSection(ProjectConfigurationPlatforms) = postSolution
		{865DEEFE-D5F6-404E-967A-ECF7E3EF67D3}.Debug|Any CPU.ActiveCfg = Debug|Any CPU
		{865DEEFE-D5F6-404E-967A-ECF7E3EF67D3}.Release|Any CPU.ActiveCfg = Release|Any CPU
		{4D0B024E-CEB6-4BED-B89A-950B51F20E9A}.Debug|Any CPU.ActiveCfg = Debug|Any CPU
		{4D0B024E-CEB6-4BED-B89A-950B51F20E9A}.Release|Any CPU.ActiveCfg = Release|Any CPU
		{C6247F24-F6BE-46DF-999C-379C2920BCAF}.Debug|Any CPU.ActiveCfg = Debug|Any CPU
		{C6247F24-F6BE-46DF-999C-379C2920BCAF}.Release|Any CPU.ActiveCfg = Release|Any CPU
		{4EBFA8C4-76A4-44F8-8613-E073C7CDD6D9}.Debug|Any CPU.ActiveCfg = Debug|Any CPU
		{4EBFA8C4-76A4-44F8-8613-E073C7CDD6D9}.Release|Any CPU.ActiveCfg = Release|Any CPU
	EndGlobalSection
	GlobalSection(SolutionProperties) = preSolution
		HideSolutionNode = FALSE
	EndGlobalSection
	GlobalSection(ExtensibilityGlobals) = postSolution
		SolutionGuid = {DA44D826-E2E3-4A0D-B03B-09FB13F5ABFF}
	EndGlobalSection
EndGlobal
