
Microsoft Visual Studio Solution File, Format Version 12.00
# Visual Studio Version 17
VisualStudioVersion = 17.3.32825.248
MinimumVisualStudioVersion = 10.0.40219.1
Project("{888888A0-9F3D-457C-B088-3A5042F75D52}") = "Task 1", "Task 1\Task 1.pyproj", "{13DEB829-8815-4FA4-82A9-5286779AC9F6}"
EndProject
Project("{888888A0-9F3D-457C-B088-3A5042F75D52}") = "Task 2", "Task 2\Task 2.pyproj", "{1396E38D-38C3-4B81-B992-C943B07050C5}"
EndProject
Project("{888888A0-9F3D-457C-B088-3A5042F75D52}") = "Task 3", "Task 3\Task 3.pyproj", "{ABA8D836-498A-4E4F-BEF2-3A968D1ACE65}"
EndProject
Project("{888888A0-9F3D-457C-B088-3A5042F75D52}") = "Task 4", "Task 4\Task 4.pyproj", "{A88E42E9-079B-4ED6-89DA-D047AE9D1876}"
EndProject
Project("{888888A0-9F3D-457C-B088-3A5042F75D52}") = "Task 5", "Task 5\Task 5.pyproj", "{8515FBF2-269E-4AE1-94F6-CF0F5995909A}"
EndProject
Global
	GlobalSection(SolutionConfigurationPlatforms) = preSolution
		Debug|Any CPU = Debug|Any CPU
		Release|Any CPU = Release|Any CPU
	EndGlobalSection
	GlobalSection(ProjectConfigurationPlatforms) = postSolution
		{13DEB829-8815-4FA4-82A9-5286779AC9F6}.Debug|Any CPU.ActiveCfg = Debug|Any CPU
		{13DEB829-8815-4FA4-82A9-5286779AC9F6}.Release|Any CPU.ActiveCfg = Release|Any CPU
		{1396E38D-38C3-4B81-B992-C943B07050C5}.Debug|Any CPU.ActiveCfg = Debug|Any CPU
		{1396E38D-38C3-4B81-B992-C943B07050C5}.Release|Any CPU.ActiveCfg = Release|Any CPU
		{ABA8D836-498A-4E4F-BEF2-3A968D1ACE65}.Debug|Any CPU.ActiveCfg = Debug|Any CPU
		{ABA8D836-498A-4E4F-BEF2-3A968D1ACE65}.Release|Any CPU.ActiveCfg = Release|Any CPU
		{A88E42E9-079B-4ED6-89DA-D047AE9D1876}.Debug|Any CPU.ActiveCfg = Debug|Any CPU
		{A88E42E9-079B-4ED6-89DA-D047AE9D1876}.Release|Any CPU.ActiveCfg = Release|Any CPU
		{8515FBF2-269E-4AE1-94F6-CF0F5995909A}.Debug|Any CPU.ActiveCfg = Debug|Any CPU
		{8515FBF2-269E-4AE1-94F6-CF0F5995909A}.Release|Any CPU.ActiveCfg = Release|Any CPU
	EndGlobalSection
	GlobalSection(SolutionProperties) = preSolution
		HideSolutionNode = FALSE
	EndGlobalSection
	GlobalSection(ExtensibilityGlobals) = postSolution
		SolutionGuid = {0DDC3A1B-0859-4358-A58A-96BEB4030CCD}
	EndGlobalSection
EndGlobal
